
Microsoft Visual Studio Solution File, Format Version 12.00
# Visual Studio Version 16
VisualStudioVersion = 16.0.30621.155
MinimumVisualStudioVersion = 10.0.40219.1
Project("{FAE04EC0-301F-11D3-BF4B-00C04F79EFBC}") = "FTPUpdate", "FTPUpdate\FTPUpdate.csproj", "{3D6291EC-E2E7-4291-9340-35A6CB7A51EA}"
EndProject
Global
	GlobalSection(SolutionConfigurationPlatforms) = preSolution
		Debug|Any CPU = Debug|Any CPU
		Release|Any CPU = Release|Any CPU
	EndGlobalSection
	GlobalSection(ProjectConfigurationPlatforms) = postSolution
		{3D6291EC-E2E7-4291-9340-35A6CB7A51EA}.Debug|Any CPU.ActiveCfg = Debug|Any CPU
		{3D6291EC-E2E7-4291-9340-35A6CB7A51EA}.Debug|Any CPU.Build.0 = Debug|Any CPU
		{3D6291EC-E2E7-4291-9340-35A6CB7A51EA}.Release|Any CPU.ActiveCfg = Release|Any CPU
		{3D6291EC-E2E7-4291-9340-35A6CB7A51EA}.Release|Any CPU.Build.0 = Release|Any CPU
	EndGlobalSection
	GlobalSection(SolutionProperties) = preSolution
		HideSolutionNode = FALSE
	EndGlobalSection
	GlobalSection(ExtensibilityGlobals) = postSolution
		SolutionGuid = {3FF4660A-A204-4D3E-8A9A-6A9FBF222497}
	EndGlobalSection
EndGlobal
